
Microsoft Visual Studio Solution File, Format Version 12.00
# Visual Studio Version 17
VisualStudioVersion = 17.4.33205.214
MinimumVisualStudioVersion = 10.0.40219.1
Project("{FAE04EC0-301F-11D3-BF4B-00C04F79EFBC}") = "finalExam", "finalExam.csproj", "{2EC6E387-6265-4FB8-8D61-7D9D8EAE1DF6}"
EndProject
Global
	GlobalSection(SolutionConfigurationPlatforms) = preSolution
		Debug|Any CPU = Debug|Any CPU
		Release|Any CPU = Release|Any CPU
	EndGlobalSection
	GlobalSection(ProjectConfigurationPlatforms) = postSolution
		{2EC6E387-6265-4FB8-8D61-7D9D8EAE1DF6}.Debug|Any CPU.ActiveCfg = Debug|Any CPU
		{2EC6E387-6265-4FB8-8D61-7D9D8EAE1DF6}.Debug|Any CPU.Build.0 = Debug|Any CPU
		{2EC6E387-6265-4FB8-8D61-7D9D8EAE1DF6}.Release|Any CPU.ActiveCfg = Release|Any CPU
		{2EC6E387-6265-4FB8-8D61-7D9D8EAE1DF6}.Release|Any CPU.Build.0 = Release|Any CPU
	EndGlobalSection
	GlobalSection(SolutionProperties) = preSolution
		HideSolutionNode = FALSE
	EndGlobalSection
	GlobalSection(ExtensibilityGlobals) = postSolution
		SolutionGuid = {04B8CD4A-F601-4B2C-B976-3C49D0FA086A}
	EndGlobalSection
EndGlobal
